
Microsoft Visual Studio Solution File, Format Version 12.00
# Visual Studio Version 17
VisualStudioVersion = 17.8.34322.80
MinimumVisualStudioVersion = 10.0.40219.1
Project("{2150E333-8FDC-42A3-9474-1A3956D46DE8}") = "Solution Items", "Solution Items", "{C75546F3-9C8A-4D40-A0A7-676E9EB2CFFC}"
	ProjectSection(SolutionItems) = preProject
		.gitignore = .gitignore
	EndProjectSection
EndProject
Project("{9A19103F-16F7-4668-BE54-9A1E7A4F7556}") = "DJMAXPlus.Browser", "DJMAXPlus.Browser\DJMAXPlus.Browser.csproj", "{DDE3BF9C-5658-4DD3-A16D-BC98C2F343BB}"
EndProject
Project("{9A19103F-16F7-4668-BE54-9A1E7A4F7556}") = "DJMAXPlus.Hook", "DJMAXPlus.Hook\DJMAXPlus.Hook.csproj", "{D7E954F0-4D92-4E38-8F78-165277297166}"
EndProject
Project("{9A19103F-16F7-4668-BE54-9A1E7A4F7556}") = "DJMaxPlus.Main", "DJMaxPlus\DJMaxPlus.Main.csproj", "{EA3A3B9E-AA09-4BC2-AE43-309EBE7A4656}"
EndProject
Project("{9A19103F-16F7-4668-BE54-9A1E7A4F7556}") = "DJMAXPlus.Tests", "DJMAXPlus.Tests\DJMAXPlus.Tests.csproj", "{B8E6396B-FCC9-4085-93ED-B3524707931B}"
EndProject
Project("{9A19103F-16F7-4668-BE54-9A1E7A4F7556}") = "DJMAXPlus.Common", "DJMAXPlus.Common\DJMAXPlus.Common.csproj", "{CA2AD41C-40BD-47C9-9020-6FE3CBC30315}"
EndProject
Global
	GlobalSection(SolutionConfigurationPlatforms) = preSolution
		Debug|Any CPU = Debug|Any CPU
		Debug|x64 = Debug|x64
		Release|Any CPU = Release|Any CPU
		Release|x64 = Release|x64
	EndGlobalSection
	GlobalSection(ProjectConfigurationPlatforms) = postSolution
		{DDE3BF9C-5658-4DD3-A16D-BC98C2F343BB}.Debug|Any CPU.ActiveCfg = Debug|x64
		{DDE3BF9C-5658-4DD3-A16D-BC98C2F343BB}.Debug|Any CPU.Build.0 = Debug|x64
		{DDE3BF9C-5658-4DD3-A16D-BC98C2F343BB}.Debug|x64.ActiveCfg = Debug|x64
		{DDE3BF9C-5658-4DD3-A16D-BC98C2F343BB}.Debug|x64.Build.0 = Debug|x64
		{DDE3BF9C-5658-4DD3-A16D-BC98C2F343BB}.Release|Any CPU.ActiveCfg = Release|x64
		{DDE3BF9C-5658-4DD3-A16D-BC98C2F343BB}.Release|Any CPU.Build.0 = Release|x64
		{DDE3BF9C-5658-4DD3-A16D-BC98C2F343BB}.Release|x64.ActiveCfg = Release|x64
		{DDE3BF9C-5658-4DD3-A16D-BC98C2F343BB}.Release|x64.Build.0 = Release|x64
		{D7E954F0-4D92-4E38-8F78-165277297166}.Debug|Any CPU.ActiveCfg = Debug|x64
		{D7E954F0-4D92-4E38-8F78-165277297166}.Debug|Any CPU.Build.0 = Debug|x64
		{D7E954F0-4D92-4E38-8F78-165277297166}.Debug|x64.ActiveCfg = Debug|x64
		{D7E954F0-4D92-4E38-8F78-165277297166}.Debug|x64.Build.0 = Debug|x64
		{D7E954F0-4D92-4E38-8F78-165277297166}.Release|Any CPU.ActiveCfg = Release|x64
		{D7E954F0-4D92-4E38-8F78-165277297166}.Release|Any CPU.Build.0 = Release|x64
		{D7E954F0-4D92-4E38-8F78-165277297166}.Release|x64.ActiveCfg = Release|x64
		{D7E954F0-4D92-4E38-8F78-165277297166}.Release|x64.Build.0 = Release|x64
		{EA3A3B9E-AA09-4BC2-AE43-309EBE7A4656}.Debug|Any CPU.ActiveCfg = Debug|x64
		{EA3A3B9E-AA09-4BC2-AE43-309EBE7A4656}.Debug|Any CPU.Build.0 = Debug|x64
		{EA3A3B9E-AA09-4BC2-AE43-309EBE7A4656}.Debug|x64.ActiveCfg = Debug|x64
		{EA3A3B9E-AA09-4BC2-AE43-309EBE7A4656}.Debug|x64.Build.0 = Debug|x64
		{EA3A3B9E-AA09-4BC2-AE43-309EBE7A4656}.Release|Any CPU.ActiveCfg = Release|x64
		{EA3A3B9E-AA09-4BC2-AE43-309EBE7A4656}.Release|Any CPU.Build.0 = Release|x64
		{EA3A3B9E-AA09-4BC2-AE43-309EBE7A4656}.Release|x64.ActiveCfg = Release|x64
		{EA3A3B9E-AA09-4BC2-AE43-309EBE7A4656}.Release|x64.Build.0 = Release|x64
		{B8E6396B-FCC9-4085-93ED-B3524707931B}.Debug|Any CPU.ActiveCfg = Debug|x64
		{B8E6396B-FCC9-4085-93ED-B3524707931B}.Debug|Any CPU.Build.0 = Debug|x64
		{B8E6396B-FCC9-4085-93ED-B3524707931B}.Debug|x64.ActiveCfg = Debug|x64
		{B8E6396B-FCC9-4085-93ED-B3524707931B}.Debug|x64.Build.0 = Debug|x64
		{B8E6396B-FCC9-4085-93ED-B3524707931B}.Release|Any CPU.ActiveCfg = Release|x64
		{B8E6396B-FCC9-4085-93ED-B3524707931B}.Release|Any CPU.Build.0 = Release|x64
		{B8E6396B-FCC9-4085-93ED-B3524707931B}.Release|x64.ActiveCfg = Release|x64
		{B8E6396B-FCC9-4085-93ED-B3524707931B}.Release|x64.Build.0 = Release|x64
		{CA2AD41C-40BD-47C9-9020-6FE3CBC30315}.Debug|Any CPU.ActiveCfg = Debug|Any CPU
		{CA2AD41C-40BD-47C9-9020-6FE3CBC30315}.Debug|Any CPU.Build.0 = Debug|Any CPU
		{CA2AD41C-40BD-47C9-9020-6FE3CBC30315}.Debug|x64.ActiveCfg = Debug|Any CPU
		{CA2AD41C-40BD-47C9-9020-6FE3CBC30315}.Debug|x64.Build.0 = Debug|Any CPU
		{CA2AD41C-40BD-47C9-9020-6FE3CBC30315}.Release|Any CPU.ActiveCfg = Release|Any CPU
		{CA2AD41C-40BD-47C9-9020-6FE3CBC30315}.Release|Any CPU.Build.0 = Release|Any CPU
		{CA2AD41C-40BD-47C9-9020-6FE3CBC30315}.Release|x64.ActiveCfg = Release|Any CPU
		{CA2AD41C-40BD-47C9-9020-6FE3CBC30315}.Release|x64.Build.0 = Release|Any CPU
	EndGlobalSection
	GlobalSection(SolutionProperties) = preSolution
		HideSolutionNode = FALSE
	EndGlobalSection
	GlobalSection(ExtensibilityGlobals) = postSolution
		SolutionGuid = {462B1FB8-F15D-4557-8F9F-73F9201DE076}
	EndGlobalSection
EndGlobal
