
Microsoft Visual Studio Solution File, Format Version 12.00
# Visual Studio Version 17
VisualStudioVersion = 17.8.34330.188
MinimumVisualStudioVersion = 10.0.40219.1
Project("{9A19103F-16F7-4668-BE54-9A1E7A4F7556}") = "DJMAXPlus", "DJMAXPlus\DJMAXPlus.csproj", "{D3CEB1A8-E0FA-45FB-9518-FC489BB5F32D}"
EndProject
Project("{9A19103F-16F7-4668-BE54-9A1E7A4F7556}") = "DJMAXPlus.MainForm", "DJMAXPlus.MainForm\DJMAXPlus.MainForm.csproj", "{BAAD3D83-BE7E-4FF9-B520-7AD1D10560FC}"
EndProject
Project("{9A19103F-16F7-4668-BE54-9A1E7A4F7556}") = "DJMAXPlus.Overlay", "DJMAXPlus.Overlay\DJMAXPlus.Overlay.csproj", "{62D3CD46-25A8-43B3-8111-2D23E1B031E6}"
EndProject
Project("{FAE04EC0-301F-11D3-BF4B-00C04F79EFBC}") = "DJMAXPlus.Hooks", "DJMAXPlus.Hooks\DJMAXPlus.Hooks.csproj", "{EE503C4D-CFAE-408B-A4A0-08B3E4975C24}"
EndProject
Global
	GlobalSection(SolutionConfigurationPlatforms) = preSolution
		Debug|Any CPU = Debug|Any CPU
		Release|Any CPU = Release|Any CPU
	EndGlobalSection
	GlobalSection(ProjectConfigurationPlatforms) = postSolution
		{D3CEB1A8-E0FA-45FB-9518-FC489BB5F32D}.Debug|Any CPU.ActiveCfg = Debug|Any CPU
		{D3CEB1A8-E0FA-45FB-9518-FC489BB5F32D}.Debug|Any CPU.Build.0 = Debug|Any CPU
		{D3CEB1A8-E0FA-45FB-9518-FC489BB5F32D}.Release|Any CPU.ActiveCfg = Release|Any CPU
		{D3CEB1A8-E0FA-45FB-9518-FC489BB5F32D}.Release|Any CPU.Build.0 = Release|Any CPU
		{BAAD3D83-BE7E-4FF9-B520-7AD1D10560FC}.Debug|Any CPU.ActiveCfg = Debug|Any CPU
		{BAAD3D83-BE7E-4FF9-B520-7AD1D10560FC}.Debug|Any CPU.Build.0 = Debug|Any CPU
		{BAAD3D83-BE7E-4FF9-B520-7AD1D10560FC}.Release|Any CPU.ActiveCfg = Release|Any CPU
		{BAAD3D83-BE7E-4FF9-B520-7AD1D10560FC}.Release|Any CPU.Build.0 = Release|Any CPU
		{62D3CD46-25A8-43B3-8111-2D23E1B031E6}.Debug|Any CPU.ActiveCfg = Debug|Any CPU
		{62D3CD46-25A8-43B3-8111-2D23E1B031E6}.Debug|Any CPU.Build.0 = Debug|Any CPU
		{62D3CD46-25A8-43B3-8111-2D23E1B031E6}.Release|Any CPU.ActiveCfg = Release|Any CPU
		{62D3CD46-25A8-43B3-8111-2D23E1B031E6}.Release|Any CPU.Build.0 = Release|Any CPU
		{EE503C4D-CFAE-408B-A4A0-08B3E4975C24}.Debug|Any CPU.ActiveCfg = Debug|Any CPU
		{EE503C4D-CFAE-408B-A4A0-08B3E4975C24}.Debug|Any CPU.Build.0 = Debug|Any CPU
		{EE503C4D-CFAE-408B-A4A0-08B3E4975C24}.Release|Any CPU.ActiveCfg = Release|Any CPU
		{EE503C4D-CFAE-408B-A4A0-08B3E4975C24}.Release|Any CPU.Build.0 = Release|Any CPU
	EndGlobalSection
	GlobalSection(SolutionProperties) = preSolution
		HideSolutionNode = FALSE
	EndGlobalSection
	GlobalSection(ExtensibilityGlobals) = postSolution
		SolutionGuid = {0D27ECEF-C957-45C0-A965-E951BD223C9D}
	EndGlobalSection
EndGlobal
